// !$*UTF8*$!
{
	archiveVersion = 1;
	classes = {
	};
	objectVersion = 56;
	objects = {

/* Begin PBXBuildFile section */
		B100000100000000000000A1 /* TanpuraKingsApp.swift in Sources */ = {isa = PBXBuildFile; fileRef = F100000100000000000000A1 /* TanpuraKingsApp.swift */; };
		B100000200000000000000A1 /* ContentView.swift in Sources */ = {isa = PBXBuildFile; fileRef = F100000200000000000000A1 /* ContentView.swift */; };
		B100000300000000000000A1 /* AudioManager.swift in Sources */ = {isa = PBXBuildFile; fileRef = F100000300000000000000A1 /* AudioManager.swift */; };
		B100000400000000000000A1 /* PianoKey.swift in Sources */ = {isa = PBXBuildFile; fileRef = F100000400000000000000A1 /* PianoKey.swift */; };
		B100000500000000000000A1 /* PianoView.swift in Sources */ = {isa = PBXBuildFile; fileRef = F100000500000000000000A1 /* PianoView.swift */; };
		B100000600000000000000A1 /* ActiveNotesVolumeView.swift in Sources */ = {isa = PBXBuildFile; fileRef = F100000600000000000000A1 /* ActiveNotesVolumeView.swift */; };
		B100000700000000000000A1 /* EffectsPanel.swift in Sources */ = {isa = PBXBuildFile; fileRef = F100000700000000000000A1 /* EffectsPanel.swift */; };
		B100000800000000000000A1 /* MasterVolumeView.swift in Sources */ = {isa = PBXBuildFile; fileRef = F100000800000000000000A1 /* MasterVolumeView.swift */; };
		B100000900000000000000A1 /* RoutePickerView.swift in Sources */ = {isa = PBXBuildFile; fileRef = F100000900000000000000A1 /* RoutePickerView.swift */; };
		B100000A00000000000000A1 /* MetronomePanel.swift in Sources */ = {isa = PBXBuildFile; fileRef = F100000A00000000000000A1 /* MetronomePanel.swift */; };
		B100000B00000000000000A1 /* TunerManager.swift in Sources */ = {isa = PBXBuildFile; fileRef = F100000B00000000000000A1 /* TunerManager.swift */; };
		B100000C00000000000000A1 /* TunerView.swift in Sources */ = {isa = PBXBuildFile; fileRef = F100000C00000000000000A1 /* TunerView.swift */; };
		B200000100000000000000A1 /* Assets.xcassets in Resources */ = {isa = PBXBuildFile; fileRef = F200000100000000000000A1 /* Assets.xcassets */; };
		B200000200000000000000A1 /* Preview Assets.xcassets in Resources */ = {isa = PBXBuildFile; fileRef = F200000200000000000000A1 /* Preview Assets.xcassets */; };
		B400000100000000000000A1 /* Audio in Resources */ = {isa = PBXBuildFile; fileRef = F400000100000000000000A1 /* Audio */; };
/* End PBXBuildFile section */

/* Begin PBXFileReference section */
		F100000100000000000000A1 /* TanpuraKingsApp.swift */ = {isa = PBXFileReference; lastKnownFileType = sourcecode.swift; path = TanpuraKingsApp.swift; sourceTree = "<group>"; };
		F100000200000000000000A1 /* ContentView.swift */ = {isa = PBXFileReference; lastKnownFileType = sourcecode.swift; path = ContentView.swift; sourceTree = "<group>"; };
		F100000300000000000000A1 /* AudioManager.swift */ = {isa = PBXFileReference; lastKnownFileType = sourcecode.swift; path = AudioManager.swift; sourceTree = "<group>"; };
		F100000400000000000000A1 /* PianoKey.swift */ = {isa = PBXFileReference; lastKnownFileType = sourcecode.swift; path = PianoKey.swift; sourceTree = "<group>"; };
		F100000500000000000000A1 /* PianoView.swift */ = {isa = PBXFileReference; lastKnownFileType = sourcecode.swift; path = PianoView.swift; sourceTree = "<group>"; };
		F100000600000000000000A1 /* ActiveNotesVolumeView.swift */ = {isa = PBXFileReference; lastKnownFileType = sourcecode.swift; path = ActiveNotesVolumeView.swift; sourceTree = "<group>"; };
		F100000700000000000000A1 /* EffectsPanel.swift */ = {isa = PBXFileReference; lastKnownFileType = sourcecode.swift; path = EffectsPanel.swift; sourceTree = "<group>"; };
		F100000800000000000000A1 /* MasterVolumeView.swift */ = {isa = PBXFileReference; lastKnownFileType = sourcecode.swift; path = MasterVolumeView.swift; sourceTree = "<group>"; };
		F100000900000000000000A1 /* RoutePickerView.swift */ = {isa = PBXFileReference; lastKnownFileType = sourcecode.swift; path = RoutePickerView.swift; sourceTree = "<group>"; };
		F100000A00000000000000A1 /* MetronomePanel.swift */ = {isa = PBXFileReference; lastKnownFileType = sourcecode.swift; path = MetronomePanel.swift; sourceTree = "<group>"; };
		F100000B00000000000000A1 /* TunerManager.swift */ = {isa = PBXFileReference; lastKnownFileType = sourcecode.swift; path = TunerManager.swift; sourceTree = "<group>"; };
		F100000C00000000000000A1 /* TunerView.swift */ = {isa = PBXFileReference; lastKnownFileType = sourcecode.swift; path = TunerView.swift; sourceTree = "<group>"; };
		F100000D00000000000000A1 /* CarPlaySceneDelegate.swift */ = {isa = PBXFileReference; lastKnownFileType = sourcecode.swift; path = CarPlaySceneDelegate.swift; sourceTree = "<group>"; };
		F100000F00000000000000A1 /* TanpuraKings.entitlements */ = {isa = PBXFileReference; lastKnownFileType = text.plist.entitlements; path = TanpuraKings.entitlements; sourceTree = "<group>"; };
		F200000100000000000000A1 /* Assets.xcassets */ = {isa = PBXFileReference; lastKnownFileType = folder.assetcatalog; path = Assets.xcassets; sourceTree = "<group>"; };
		F200000200000000000000A1 /* Preview Assets.xcassets */ = {isa = PBXFileReference; lastKnownFileType = folder.assetcatalog; path = "Preview Assets.xcassets"; sourceTree = "<group>"; };
		F300000100000000000000A1 /* Info.plist */ = {isa = PBXFileReference; lastKnownFileType = text.plist.xml; path = Info.plist; sourceTree = "<group>"; };
		F400000100000000000000A1 /* Audio */ = {isa = PBXFileReference; lastKnownFileType = folder; path = Audio; sourceTree = "<group>"; };
		F500000100000000000000A1 /* TanpuraKings.app */ = {isa = PBXFileReference; explicitFileType = wrapper.application; includeInIndex = 0; path = TanpuraKings.app; sourceTree = BUILT_PRODUCTS_DIR; };
		F600000100000000000000A1 /* CarPlay.framework */ = {isa = PBXFileReference; lastKnownFileType = wrapper.framework; name = CarPlay.framework; path = System/Library/Frameworks/CarPlay.framework; sourceTree = SDKROOT; };
/* End PBXFileReference section */

/* Begin PBXFrameworksBuildPhase section */
		FP00000100000000000000A1 /* Frameworks */ = {
			isa = PBXFrameworksBuildPhase;
			buildActionMask = 2147483647;
			files = (
			);
			runOnlyForDeploymentPostprocessing = 0;
		};
/* End PBXFrameworksBuildPhase section */

/* Begin PBXGroup section */
		G000000100000000000000A1 = {
			isa = PBXGroup;
			children = (
				G100000100000000000000A1 /* TanpuraKings */,
				G400000100000000000000A1 /* Frameworks */,
				G300000100000000000000A1 /* Products */,
			);
			sourceTree = "<group>";
		};
		G100000100000000000000A1 /* TanpuraKings */ = {
			isa = PBXGroup;
			children = (
				F100000100000000000000A1 /* TanpuraKingsApp.swift */,
				F100000200000000000000A1 /* ContentView.swift */,
				F100000300000000000000A1 /* AudioManager.swift */,
				F100000400000000000000A1 /* PianoKey.swift */,
				F100000500000000000000A1 /* PianoView.swift */,
				F100000600000000000000A1 /* ActiveNotesVolumeView.swift */,
				F100000700000000000000A1 /* EffectsPanel.swift */,
				F100000800000000000000A1 /* MasterVolumeView.swift */,
				F100000900000000000000A1 /* RoutePickerView.swift */,
				F100000A00000000000000A1 /* MetronomePanel.swift */,
				F100000B00000000000000A1 /* TunerManager.swift */,
				F100000C00000000000000A1 /* TunerView.swift */,
				F100000D00000000000000A1 /* CarPlaySceneDelegate.swift */,
				F100000F00000000000000A1 /* TanpuraKings.entitlements */,
				F200000100000000000000A1 /* Assets.xcassets */,
				F400000100000000000000A1 /* Audio */,
				F300000100000000000000A1 /* Info.plist */,
				G200000100000000000000A1 /* Preview Content */,
			);
			path = TanpuraKings;
			sourceTree = "<group>";
		};
		G200000100000000000000A1 /* Preview Content */ = {
			isa = PBXGroup;
			children = (
				F200000200000000000000A1 /* Preview Assets.xcassets */,
			);
			path = "Preview Content";
			sourceTree = "<group>";
		};
		G300000100000000000000A1 /* Products */ = {
			isa = PBXGroup;
			children = (
				F500000100000000000000A1 /* TanpuraKings.app */,
			);
			name = Products;
			sourceTree = "<group>";
		};
		G400000100000000000000A1 /* Frameworks */ = {
			isa = PBXGroup;
			children = (
				F600000100000000000000A1 /* CarPlay.framework */,
			);
			name = Frameworks;
			sourceTree = "<group>";
		};
/* End PBXGroup section */

/* Begin PBXNativeTarget section */
		T000000100000000000000A1 /* TanpuraKings */ = {
			isa = PBXNativeTarget;
			buildConfigurationList = CL00000200000000000000A1 /* Build configuration list for PBXNativeTarget "TanpuraKings" */;
			buildPhases = (
				S000000100000000000000A1 /* Sources */,
				FP00000100000000000000A1 /* Frameworks */,
				R000000100000000000000A1 /* Resources */,
			);
			buildRules = (
			);
			dependencies = (
			);
			name = TanpuraKings;
			productName = TanpuraKings;
			productReference = F500000100000000000000A1 /* TanpuraKings.app */;
			productType = "com.apple.product-type.application";
		};
/* End PBXNativeTarget section */

/* Begin PBXProject section */
		P000000100000000000000A1 /* Project object */ = {
			isa = PBXProject;
			attributes = {
				BuildIndependentTargetsInParallel = 1;
				LastSwiftUpdateCheck = 1500;
				LastUpgradeCheck = 1640;
				TargetAttributes = {
					T000000100000000000000A1 = {
						CreatedOnToolsVersion = 15.0;
					};
				};
			};
			buildConfigurationList = CL00000100000000000000A1 /* Build configuration list for PBXProject "TanpuraKings" */;
			compatibilityVersion = "Xcode 14.0";
			developmentRegion = en;
			hasScannedForEncodings = 0;
			knownRegions = (
				en,
				Base,
			);
			mainGroup = G000000100000000000000A1;
			productRefGroup = G300000100000000000000A1 /* Products */;
			projectDirPath = "";
			projectRoot = "";
			targets = (
				T000000100000000000000A1 /* TanpuraKings */,
			);
		};
/* End PBXProject section */

/* Begin PBXResourcesBuildPhase section */
		R000000100000000000000A1 /* Resources */ = {
			isa = PBXResourcesBuildPhase;
			buildActionMask = 2147483647;
			files = (
				B200000200000000000000A1 /* Preview Assets.xcassets in Resources */,
				B200000100000000000000A1 /* Assets.xcassets in Resources */,
				B400000100000000000000A1 /* Audio in Resources */,
			);
			runOnlyForDeploymentPostprocessing = 0;
		};
/* End PBXResourcesBuildPhase section */

/* Begin PBXSourcesBuildPhase section */
		S000000100000000000000A1 /* Sources */ = {
			isa = PBXSourcesBuildPhase;
			buildActionMask = 2147483647;
			files = (
				B100000100000000000000A1 /* TanpuraKingsApp.swift in Sources */,
				B100000200000000000000A1 /* ContentView.swift in Sources */,
				B100000300000000000000A1 /* AudioManager.swift in Sources */,
				B100000400000000000000A1 /* PianoKey.swift in Sources */,
				B100000500000000000000A1 /* PianoView.swift in Sources */,
				B100000600000000000000A1 /* ActiveNotesVolumeView.swift in Sources */,
				B100000700000000000000A1 /* EffectsPanel.swift in Sources */,
				B100000800000000000000A1 /* MasterVolumeView.swift in Sources */,
				B100000900000000000000A1 /* RoutePickerView.swift in Sources */,
				B100000A00000000000000A1 /* MetronomePanel.swift in Sources */,
				B100000B00000000000000A1 /* TunerManager.swift in Sources */,
				B100000C00000000000000A1 /* TunerView.swift in Sources */,
			);
			runOnlyForDeploymentPostprocessing = 0;
		};
/* End PBXSourcesBuildPhase section */

/* Begin XCBuildConfiguration section */
		BC00000100000000000000A1 /* Debug */ = {
			isa = XCBuildConfiguration;
			buildSettings = {
				ALWAYS_SEARCH_USER_PATHS = NO;
				ASSETCATALOG_COMPILER_GENERATE_SWIFT_ASSET_SYMBOL_EXTENSIONS = YES;
				CLANG_ANALYZER_NONNULL = YES;
				CLANG_ANALYZER_NUMBER_OBJECT_CONVERSION = YES_AGGRESSIVE;
				CLANG_CXX_LANGUAGE_STANDARD = "gnu++20";
				CLANG_ENABLE_MODULES = YES;
				CLANG_ENABLE_OBJC_ARC = YES;
				CLANG_ENABLE_OBJC_WEAK = YES;
				CLANG_WARN_BLOCK_CAPTURE_AUTORELEASING = YES;
				CLANG_WARN_BOOL_CONVERSION = YES;
				CLANG_WARN_COMMA = YES;
				CLANG_WARN_CONSTANT_CONVERSION = YES;
				CLANG_WARN_DEPRECATED_OBJC_IMPLEMENTATIONS = YES;
				CLANG_WARN_DIRECT_OBJC_ISA_USAGE = YES_ERROR;
				CLANG_WARN_DOCUMENTATION_COMMENTS = YES;
				CLANG_WARN_EMPTY_BODY = YES;
				CLANG_WARN_ENUM_CONVERSION = YES;
				CLANG_WARN_INFINITE_RECURSION = YES;
				CLANG_WARN_INT_CONVERSION = YES;
				CLANG_WARN_NON_LITERAL_NULL_CONVERSION = YES;
				CLANG_WARN_OBJC_IMPLICIT_RETAIN_SELF = YES;
				CLANG_WARN_OBJC_LITERAL_CONVERSION = YES;
				CLANG_WARN_OBJC_ROOT_CLASS = YES_ERROR;
				CLANG_WARN_QUOTED_INCLUDE_IN_FRAMEWORK_HEADER = YES;
				CLANG_WARN_RANGE_LOOP_ANALYSIS = YES;
				CLANG_WARN_STRICT_PROTOTYPES = YES;
				CLANG_WARN_SUSPICIOUS_MOVE = YES;
				CLANG_WARN_UNGUARDED_AVAILABILITY = YES_AGGRESSIVE;
				CLANG_WARN_UNREACHABLE_CODE = YES;
				CLANG_WARN__DUPLICATE_METHOD_MATCH = YES;
				COPY_PHASE_STRIP = NO;
				DEBUG_INFORMATION_FORMAT = dwarf;
				DEVELOPMENT_TEAM = K776H22HB2;
				ENABLE_STRICT_OBJC_MSGSEND = YES;
				ENABLE_TESTABILITY = YES;
				ENABLE_USER_SCRIPT_SANDBOXING = YES;
				GCC_C_LANGUAGE_STANDARD = gnu17;
				GCC_DYNAMIC_NO_PIC = NO;
				GCC_NO_COMMON_BLOCKS = YES;
				GCC_OPTIMIZATION_LEVEL = 0;
				GCC_PREPROCESSOR_DEFINITIONS = (
					"DEBUG=1",
					"$(inherited)",
				);
				GCC_WARN_64_TO_32_BIT_CONVERSION = YES;
				GCC_WARN_ABOUT_RETURN_TYPE = YES_ERROR;
				GCC_WARN_UNDECLARED_SELECTOR = YES;
				GCC_WARN_UNINITIALIZED_AUTOS = YES_AGGRESSIVE;
				GCC_WARN_UNUSED_FUNCTION = YES;
				GCC_WARN_UNUSED_VARIABLE = YES;
				IPHONEOS_DEPLOYMENT_TARGET = 17.0;
				LOCALIZATION_PREFERS_STRING_CATALOGS = YES;
				MTL_ENABLE_DEBUG_INFO = INCLUDE_SOURCE;
				MTL_FAST_MATH = YES;
				ONLY_ACTIVE_ARCH = YES;
				SDKROOT = iphoneos;
				SWIFT_ACTIVE_COMPILATION_CONDITIONS = "DEBUG $(inherited)";
				SWIFT_OPTIMIZATION_LEVEL = "-Onone";
			};
			name = Debug;
		};
		BC00000200000000000000A1 /* Release */ = {
			isa = XCBuildConfiguration;
			buildSettings = {
				ALWAYS_SEARCH_USER_PATHS = NO;
				ASSETCATALOG_COMPILER_GENERATE_SWIFT_ASSET_SYMBOL_EXTENSIONS = YES;
				CLANG_ANALYZER_NONNULL = YES;
				CLANG_ANALYZER_NUMBER_OBJECT_CONVERSION = YES_AGGRESSIVE;
				CLANG_CXX_LANGUAGE_STANDARD = "gnu++20";
				CLANG_ENABLE_MODULES = YES;
				CLANG_ENABLE_OBJC_ARC = YES;
				CLANG_ENABLE_OBJC_WEAK = YES;
				CLANG_WARN_BLOCK_CAPTURE_AUTORELEASING = YES;
				CLANG_WARN_BOOL_CONVERSION = YES;
				CLANG_WARN_COMMA = YES;
				CLANG_WARN_CONSTANT_CONVERSION = YES;
				CLANG_WARN_DEPRECATED_OBJC_IMPLEMENTATIONS = YES;
				CLANG_WARN_DIRECT_OBJC_ISA_USAGE = YES_ERROR;
				CLANG_WARN_DOCUMENTATION_COMMENTS = YES;
				CLANG_WARN_EMPTY_BODY = YES;
				CLANG_WARN_ENUM_CONVERSION = YES;
				CLANG_WARN_INFINITE_RECURSION = YES;
				CLANG_WARN_INT_CONVERSION = YES;
				CLANG_WARN_NON_LITERAL_NULL_CONVERSION = YES;
				CLANG_WARN_OBJC_IMPLICIT_RETAIN_SELF = YES;
				CLANG_WARN_OBJC_LITERAL_CONVERSION = YES;
				CLANG_WARN_OBJC_ROOT_CLASS = YES_ERROR;
				CLANG_WARN_QUOTED_INCLUDE_IN_FRAMEWORK_HEADER = YES;
				CLANG_WARN_RANGE_LOOP_ANALYSIS = YES;
				CLANG_WARN_STRICT_PROTOTYPES = YES;
				CLANG_WARN_SUSPICIOUS_MOVE = YES;
				CLANG_WARN_UNGUARDED_AVAILABILITY = YES_AGGRESSIVE;
				CLANG_WARN_UNREACHABLE_CODE = YES;
				CLANG_WARN__DUPLICATE_METHOD_MATCH = YES;
				COPY_PHASE_STRIP = NO;
				DEBUG_INFORMATION_FORMAT = "dwarf-with-dsym";
				DEVELOPMENT_TEAM = K776H22HB2;
				ENABLE_NS_ASSERTIONS = NO;
				ENABLE_STRICT_OBJC_MSGSEND = YES;
				ENABLE_USER_SCRIPT_SANDBOXING = YES;
				GCC_C_LANGUAGE_STANDARD = gnu17;
				GCC_NO_COMMON_BLOCKS = YES;
				GCC_WARN_64_TO_32_BIT_CONVERSION = YES;
				GCC_WARN_ABOUT_RETURN_TYPE = YES_ERROR;
				GCC_WARN_UNDECLARED_SELECTOR = YES;
				GCC_WARN_UNINITIALIZED_AUTOS = YES_AGGRESSIVE;
				GCC_WARN_UNUSED_FUNCTION = YES;
				GCC_WARN_UNUSED_VARIABLE = YES;
				IPHONEOS_DEPLOYMENT_TARGET = 17.0;
				LOCALIZATION_PREFERS_STRING_CATALOGS = YES;
				MTL_ENABLE_DEBUG_INFO = NO;
				MTL_FAST_MATH = YES;
				SDKROOT = iphoneos;
				SWIFT_COMPILATION_MODE = wholemodule;
				VALIDATE_PRODUCT = YES;
			};
			name = Release;
		};
		BC00000300000000000000A1 /* Debug */ = {
			isa = XCBuildConfiguration;
			buildSettings = {
				ASSETCATALOG_COMPILER_APPICON_NAME = AppIcon;
				ASSETCATALOG_COMPILER_GLOBAL_ACCENT_COLOR_NAME = AccentColor;
				CODE_SIGN_ENTITLEMENTS = TanpuraKings/TanpuraKings.entitlements;
				CODE_SIGN_STYLE = Automatic;
				CURRENT_PROJECT_VERSION = 1;
				DEVELOPMENT_ASSET_PATHS = "\"TanpuraKings/Preview Content\"";
				ENABLE_PREVIEWS = YES;
				GENERATE_INFOPLIST_FILE = NO;
				INFOPLIST_FILE = TanpuraKings/Info.plist;
				INFOPLIST_KEY_UIApplicationSceneManifest_Generation = YES;
				INFOPLIST_KEY_UIApplicationSupportsIndirectInputEvents = YES;
				INFOPLIST_KEY_UILaunchScreen_Generation = YES;
				INFOPLIST_KEY_UISupportedInterfaceOrientations_iPad = "UIInterfaceOrientationPortrait UIInterfaceOrientationPortraitUpsideDown UIInterfaceOrientationLandscapeLeft UIInterfaceOrientationLandscapeRight";
				INFOPLIST_KEY_UISupportedInterfaceOrientations_iPhone = "UIInterfaceOrientationPortrait UIInterfaceOrientationLandscapeLeft UIInterfaceOrientationLandscapeRight";
				LD_RUNPATH_SEARCH_PATHS = (
					"$(inherited)",
					"@executable_path/Frameworks",
				);
				MARKETING_VERSION = 1.0;
				PRODUCT_BUNDLE_IDENTIFIER = com.kingsman.tanpurakings;
				PRODUCT_NAME = "$(TARGET_NAME)";
				SWIFT_EMIT_CONST_VALUE_PROTOCOLS = YES;
				SWIFT_EMIT_LOC_STRINGS = YES;
				SWIFT_VERSION = 5.0;
				TARGETED_DEVICE_FAMILY = "1,2";
			};
			name = Debug;
		};
		BC00000400000000000000A1 /* Release */ = {
			isa = XCBuildConfiguration;
			buildSettings = {
				ASSETCATALOG_COMPILER_APPICON_NAME = AppIcon;
				ASSETCATALOG_COMPILER_GLOBAL_ACCENT_COLOR_NAME = AccentColor;
				CODE_SIGN_ENTITLEMENTS = TanpuraKings/TanpuraKings.entitlements;
				CODE_SIGN_STYLE = Automatic;
				CURRENT_PROJECT_VERSION = 1;
				DEVELOPMENT_ASSET_PATHS = "\"TanpuraKings/Preview Content\"";
				ENABLE_PREVIEWS = YES;
				GENERATE_INFOPLIST_FILE = NO;
				INFOPLIST_FILE = TanpuraKings/Info.plist;
				INFOPLIST_KEY_UIApplicationSceneManifest_Generation = YES;
				INFOPLIST_KEY_UIApplicationSupportsIndirectInputEvents = YES;
				INFOPLIST_KEY_UILaunchScreen_Generation = YES;
				INFOPLIST_KEY_UISupportedInterfaceOrientations_iPad = "UIInterfaceOrientationPortrait UIInterfaceOrientationPortraitUpsideDown UIInterfaceOrientationLandscapeLeft UIInterfaceOrientationLandscapeRight";
				INFOPLIST_KEY_UISupportedInterfaceOrientations_iPhone = "UIInterfaceOrientationPortrait UIInterfaceOrientationLandscapeLeft UIInterfaceOrientationLandscapeRight";
				LD_RUNPATH_SEARCH_PATHS = (
					"$(inherited)",
					"@executable_path/Frameworks",
				);
				MARKETING_VERSION = 1.0;
				PRODUCT_BUNDLE_IDENTIFIER = com.kingsman.tanpurakings;
				PRODUCT_NAME = "$(TARGET_NAME)";
				SWIFT_EMIT_CONST_VALUE_PROTOCOLS = YES;
				SWIFT_EMIT_LOC_STRINGS = YES;
				SWIFT_VERSION = 5.0;
				TARGETED_DEVICE_FAMILY = "1,2";
			};
			name = Release;
		};
/* End XCBuildConfiguration section */

/* Begin XCConfigurationList section */
		CL00000100000000000000A1 /* Build configuration list for PBXProject "TanpuraKings" */ = {
			isa = XCConfigurationList;
			buildConfigurations = (
				BC00000100000000000000A1 /* Debug */,
				BC00000200000000000000A1 /* Release */,
			);
			defaultConfigurationIsVisible = 0;
			defaultConfigurationName = Release;
		};
		CL00000200000000000000A1 /* Build configuration list for PBXNativeTarget "TanpuraKings" */ = {
			isa = XCConfigurationList;
			buildConfigurations = (
				BC00000300000000000000A1 /* Debug */,
				BC00000400000000000000A1 /* Release */,
			);
			defaultConfigurationIsVisible = 0;
			defaultConfigurationName = Release;
		};
/* End XCConfigurationList section */
	};
	rootObject = P000000100000000000000A1 /* Project object */;
}
